
Microsoft Visual Studio Solution File, Format Version 12.00
# Visual Studio Version 17
VisualStudioVersion = 17.6.33829.357
MinimumVisualStudioVersion = 10.0.40219.1
Project("{FAE04EC0-301F-11D3-BF4B-00C04F79EFBC}") = "FIFA_API", "FIFA_API\FIFA_API.csproj", "{43432C64-AD42-476E-B1EC-D8CD9EC3C75D}"
EndProject
Global
	GlobalSection(SolutionConfigurationPlatforms) = preSolution
		Debug|Any CPU = Debug|Any CPU
		Release|Any CPU = Release|Any CPU
	EndGlobalSection
	GlobalSection(ProjectConfigurationPlatforms) = postSolution
		{43432C64-AD42-476E-B1EC-D8CD9EC3C75D}.Debug|Any CPU.ActiveCfg = Debug|Any CPU
		{43432C64-AD42-476E-B1EC-D8CD9EC3C75D}.Debug|Any CPU.Build.0 = Debug|Any CPU
		{43432C64-AD42-476E-B1EC-D8CD9EC3C75D}.Release|Any CPU.ActiveCfg = Release|Any CPU
		{43432C64-AD42-476E-B1EC-D8CD9EC3C75D}.Release|Any CPU.Build.0 = Release|Any CPU
	EndGlobalSection
	GlobalSection(SolutionProperties) = preSolution
		HideSolutionNode = FALSE
	EndGlobalSection
	GlobalSection(ExtensibilityGlobals) = postSolution
		SolutionGuid = {5C865B36-5E1A-4D6D-B614-DF642C88789F}
	EndGlobalSection
EndGlobal
